// !$*UTF8*$!
{
	archiveVersion = 1;
	classes = {
	};
	objectVersion = 48;
	objects = {

/* Begin PBXBuildFile section */
		40DD42571F9E3291A9B23C66 /* Pods_LillyPal_Cards.framework in Frameworks */ = {isa = PBXBuildFile; fileRef = 83A80DCD842AD46AAD33970A /* Pods_LillyPal_Cards.framework */; };
		A194F11E205ADEEB00BEDAA0 /* Character.swift in Sources */ = {isa = PBXBuildFile; fileRef = A194F11D205ADEEB00BEDAA0 /* Character.swift */; };
		A194F11F205ADEEB00BEDAA0 /* Character.swift in Sources */ = {isa = PBXBuildFile; fileRef = A194F11D205ADEEB00BEDAA0 /* Character.swift */; };
		A194F122205BC5B300BEDAA0 /* CharacterSheetDecorator.swift in Sources */ = {isa = PBXBuildFile; fileRef = A194F121205BC5B300BEDAA0 /* CharacterSheetDecorator.swift */; };
		A194F123205BC5B300BEDAA0 /* CharacterSheetDecorator.swift in Sources */ = {isa = PBXBuildFile; fileRef = A194F121205BC5B300BEDAA0 /* CharacterSheetDecorator.swift */; };
		A194F125205BC69A00BEDAA0 /* CharacterPortraitChanger.swift in Sources */ = {isa = PBXBuildFile; fileRef = A194F124205BC69A00BEDAA0 /* CharacterPortraitChanger.swift */; };
		A194F126205BC69A00BEDAA0 /* CharacterPortraitChanger.swift in Sources */ = {isa = PBXBuildFile; fileRef = A194F124205BC69A00BEDAA0 /* CharacterPortraitChanger.swift */; };
		A194F128205BCC7600BEDAA0 /* CharacterAttributeChanger.swift in Sources */ = {isa = PBXBuildFile; fileRef = A194F127205BCC7600BEDAA0 /* CharacterAttributeChanger.swift */; };
		A194F129205BCC7600BEDAA0 /* CharacterAttributeChanger.swift in Sources */ = {isa = PBXBuildFile; fileRef = A194F127205BCC7600BEDAA0 /* CharacterAttributeChanger.swift */; };
		A194F12C205C371800BEDAA0 /* MainViewDecorator.swift in Sources */ = {isa = PBXBuildFile; fileRef = A194F12B205C371800BEDAA0 /* MainViewDecorator.swift */; };
		A194F12D205C371800BEDAA0 /* MainViewDecorator.swift in Sources */ = {isa = PBXBuildFile; fileRef = A194F12B205C371800BEDAA0 /* MainViewDecorator.swift */; };
		A194F131205C37F400BEDAA0 /* ParentModelChangeListener.swift in Sources */ = {isa = PBXBuildFile; fileRef = A194F130205C37F400BEDAA0 /* ParentModelChangeListener.swift */; };
		A194F132205C37F400BEDAA0 /* ParentModelChangeListener.swift in Sources */ = {isa = PBXBuildFile; fileRef = A194F130205C37F400BEDAA0 /* ParentModelChangeListener.swift */; };
		A194F134205C383600BEDAA0 /* CardDeck Datasource:Delegate.swift in Sources */ = {isa = PBXBuildFile; fileRef = A194F133205C383600BEDAA0 /* CardDeck Datasource:Delegate.swift */; };
		A194F135205C383600BEDAA0 /* CardDeck Datasource:Delegate.swift in Sources */ = {isa = PBXBuildFile; fileRef = A194F133205C383600BEDAA0 /* CardDeck Datasource:Delegate.swift */; };
		A194F137205C474000BEDAA0 /* LillyPalCardTVC.swift in Sources */ = {isa = PBXBuildFile; fileRef = A194F136205C474000BEDAA0 /* LillyPalCardTVC.swift */; };
		A194F138205C474000BEDAA0 /* LillyPalCardTVC.swift in Sources */ = {isa = PBXBuildFile; fileRef = A194F136205C474000BEDAA0 /* LillyPalCardTVC.swift */; };
		A1B365D1205A0665009698B0 /* AppDelegate.swift in Sources */ = {isa = PBXBuildFile; fileRef = A1B365D0205A0665009698B0 /* AppDelegate.swift */; };
		A1B365D3205A0665009698B0 /* MainViewController.swift in Sources */ = {isa = PBXBuildFile; fileRef = A1B365D2205A0665009698B0 /* MainViewController.swift */; };
		A1B365D6205A0665009698B0 /* Main.storyboard in Resources */ = {isa = PBXBuildFile; fileRef = A1B365D4205A0665009698B0 /* Main.storyboard */; };
		A1B365D8205A0665009698B0 /* Assets.xcassets in Resources */ = {isa = PBXBuildFile; fileRef = A1B365D7205A0665009698B0 /* Assets.xcassets */; };
		A1B365DB205A0665009698B0 /* LaunchScreen.storyboard in Resources */ = {isa = PBXBuildFile; fileRef = A1B365D9205A0665009698B0 /* LaunchScreen.storyboard */; };
		A1B365E6205A0665009698B0 /* LillyPal_CardsTests.swift in Sources */ = {isa = PBXBuildFile; fileRef = A1B365E5205A0665009698B0 /* LillyPal_CardsTests.swift */; };
		A1B365F1205A0665009698B0 /* LillyPal_CardsUITests.swift in Sources */ = {isa = PBXBuildFile; fileRef = A1B365F0205A0665009698B0 /* LillyPal_CardsUITests.swift */; };
		A1B365FF205A4081009698B0 /* CardDeckTV.swift in Sources */ = {isa = PBXBuildFile; fileRef = A1B365FE205A4081009698B0 /* CardDeckTV.swift */; };
		A1B36600205A4081009698B0 /* CardDeckTV.swift in Sources */ = {isa = PBXBuildFile; fileRef = A1B365FE205A4081009698B0 /* CardDeckTV.swift */; };
		A1B36608205A438F009698B0 /* CharacterSheetVC.swift in Sources */ = {isa = PBXBuildFile; fileRef = A1B36607205A438F009698B0 /* CharacterSheetVC.swift */; };
		A1B36609205A438F009698B0 /* CharacterSheetVC.swift in Sources */ = {isa = PBXBuildFile; fileRef = A1B36607205A438F009698B0 /* CharacterSheetVC.swift */; };
		A1B3660A205A6A91009698B0 /* MainViewController.swift in Sources */ = {isa = PBXBuildFile; fileRef = A1B365D2205A0665009698B0 /* MainViewController.swift */; };
		A1B5AA22207832E20046EF3E /* CloudKit.framework in Frameworks */ = {isa = PBXBuildFile; fileRef = A1B5AA21207832E20046EF3E /* CloudKit.framework */; };
		A1BC6243205CEE9500884829 /* ParentCanTriggerEdits.swift in Sources */ = {isa = PBXBuildFile; fileRef = A1BC6242205CEE9500884829 /* ParentCanTriggerEdits.swift */; };
		A1BC6244205CEE9600884829 /* ParentCanTriggerEdits.swift in Sources */ = {isa = PBXBuildFile; fileRef = A1BC6242205CEE9500884829 /* ParentCanTriggerEdits.swift */; };
		A1BC6246205CEF2B00884829 /* LillyPal.swift in Sources */ = {isa = PBXBuildFile; fileRef = A1BC6245205CEF2B00884829 /* LillyPal.swift */; };
		A1BC6247205CEF2B00884829 /* LillyPal.swift in Sources */ = {isa = PBXBuildFile; fileRef = A1BC6245205CEF2B00884829 /* LillyPal.swift */; };
		A1BC6249205CEFC700884829 /* LillyPalCardDecorator.swift in Sources */ = {isa = PBXBuildFile; fileRef = A1BC6248205CEFC700884829 /* LillyPalCardDecorator.swift */; };
		A1BC624A205CEFC700884829 /* LillyPalCardDecorator.swift in Sources */ = {isa = PBXBuildFile; fileRef = A1BC6248205CEFC700884829 /* LillyPalCardDecorator.swift */; };
		A1BC624C205D05CB00884829 /* FloatRounder.swift in Sources */ = {isa = PBXBuildFile; fileRef = A1BC624B205D05CB00884829 /* FloatRounder.swift */; };
		A1BC624D205D05CB00884829 /* FloatRounder.swift in Sources */ = {isa = PBXBuildFile; fileRef = A1BC624B205D05CB00884829 /* FloatRounder.swift */; };
		A1BC6252205D23F700884829 /* FirstResponderResigner.swift in Sources */ = {isa = PBXBuildFile; fileRef = A1BC6251205D23F700884829 /* FirstResponderResigner.swift */; };
		A1BC6253205D23F700884829 /* FirstResponderResigner.swift in Sources */ = {isa = PBXBuildFile; fileRef = A1BC6251205D23F700884829 /* FirstResponderResigner.swift */; };
		A1BC6255205D2C4A00884829 /* Strings.swift in Sources */ = {isa = PBXBuildFile; fileRef = A1BC6254205D2C4A00884829 /* Strings.swift */; };
		A1BC6256205D2C4A00884829 /* Strings.swift in Sources */ = {isa = PBXBuildFile; fileRef = A1BC6254205D2C4A00884829 /* Strings.swift */; };
		A1BC6258205DCA5700884829 /* LillyPalCardSlimTVC.swift in Sources */ = {isa = PBXBuildFile; fileRef = A1BC6257205DCA5700884829 /* LillyPalCardSlimTVC.swift */; };
		A1BC6259205DFDD300884829 /* LillyPalCardSlimTVC.swift in Sources */ = {isa = PBXBuildFile; fileRef = A1BC6257205DCA5700884829 /* LillyPalCardSlimTVC.swift */; };
		A1BC625B205F3AE700884829 /* MainViewUpdater.swift in Sources */ = {isa = PBXBuildFile; fileRef = A1BC625A205F3AE700884829 /* MainViewUpdater.swift */; };
		A1BC625C205F3AE700884829 /* MainViewUpdater.swift in Sources */ = {isa = PBXBuildFile; fileRef = A1BC625A205F3AE700884829 /* MainViewUpdater.swift */; };
		A1BC625E205F3C6100884829 /* MainViewStepper.swift in Sources */ = {isa = PBXBuildFile; fileRef = A1BC625D205F3C6100884829 /* MainViewStepper.swift */; };
		A1BC625F205F3C6100884829 /* MainViewStepper.swift in Sources */ = {isa = PBXBuildFile; fileRef = A1BC625D205F3C6100884829 /* MainViewStepper.swift */; };
		A1BC6261205F426B00884829 /* CharacterHealthAdjuster.swift in Sources */ = {isa = PBXBuildFile; fileRef = A1BC6260205F426B00884829 /* CharacterHealthAdjuster.swift */; };
		A1BC6262205F426B00884829 /* CharacterHealthAdjuster.swift in Sources */ = {isa = PBXBuildFile; fileRef = A1BC6260205F426B00884829 /* CharacterHealthAdjuster.swift */; };
		A1BC6264205F456B00884829 /* ModelReturner.swift in Sources */ = {isa = PBXBuildFile; fileRef = A1BC6263205F456B00884829 /* ModelReturner.swift */; };
		A1BC6265205F456B00884829 /* ModelReturner.swift in Sources */ = {isa = PBXBuildFile; fileRef = A1BC6263205F456B00884829 /* ModelReturner.swift */; };
		A1BC6268205F9B6000884829 /* CharacterAttribute.swift in Sources */ = {isa = PBXBuildFile; fileRef = A1BC6267205F9B6000884829 /* CharacterAttribute.swift */; };
		A1BC6269205F9B6000884829 /* CharacterAttribute.swift in Sources */ = {isa = PBXBuildFile; fileRef = A1BC6267205F9B6000884829 /* CharacterAttribute.swift */; };
		A1BC626B205F9C5600884829 /* CharacterController.swift in Sources */ = {isa = PBXBuildFile; fileRef = A1BC626A205F9C5600884829 /* CharacterController.swift */; };
		A1BC626C205F9C5600884829 /* CharacterController.swift in Sources */ = {isa = PBXBuildFile; fileRef = A1BC626A205F9C5600884829 /* CharacterController.swift */; };
		A1BC626E205FBE8B00884829 /* TextField Delegation.swift in Sources */ = {isa = PBXBuildFile; fileRef = A1BC626D205FBE8B00884829 /* TextField Delegation.swift */; };
		A1BC626F205FBE8B00884829 /* TextField Delegation.swift in Sources */ = {isa = PBXBuildFile; fileRef = A1BC626D205FBE8B00884829 /* TextField Delegation.swift */; };
/* End PBXBuildFile section */

/* Begin PBXContainerItemProxy section */
		A1B365E2205A0665009698B0 /* PBXContainerItemProxy */ = {
			isa = PBXContainerItemProxy;
			containerPortal = A1B365C5205A0665009698B0 /* Project object */;
			proxyType = 1;
			remoteGlobalIDString = A1B365CC205A0665009698B0;
			remoteInfo = "LillyPal Cards";
		};
		A1B365ED205A0665009698B0 /* PBXContainerItemProxy */ = {
			isa = PBXContainerItemProxy;
			containerPortal = A1B365C5205A0665009698B0 /* Project object */;
			proxyType = 1;
			remoteGlobalIDString = A1B365CC205A0665009698B0;
			remoteInfo = "LillyPal Cards";
		};
/* End PBXContainerItemProxy section */

/* Begin PBXFileReference section */
		53777B4376AC16690490A57D /* Pods-LillyPal Cards.release.xcconfig */ = {isa = PBXFileReference; includeInIndex = 1; lastKnownFileType = text.xcconfig; name = "Pods-LillyPal Cards.release.xcconfig"; path = "Pods/Target Support Files/Pods-LillyPal Cards/Pods-LillyPal Cards.release.xcconfig"; sourceTree = "<group>"; };
		83A80DCD842AD46AAD33970A /* Pods_LillyPal_Cards.framework */ = {isa = PBXFileReference; explicitFileType = wrapper.framework; includeInIndex = 0; path = Pods_LillyPal_Cards.framework; sourceTree = BUILT_PRODUCTS_DIR; };
		97E329F37D4202C5CC5B8119 /* Pods-LillyPal Cards.debug.xcconfig */ = {isa = PBXFileReference; includeInIndex = 1; lastKnownFileType = text.xcconfig; name = "Pods-LillyPal Cards.debug.xcconfig"; path = "Pods/Target Support Files/Pods-LillyPal Cards/Pods-LillyPal Cards.debug.xcconfig"; sourceTree = "<group>"; };
		A194F11D205ADEEB00BEDAA0 /* Character.swift */ = {isa = PBXFileReference; lastKnownFileType = sourcecode.swift; path = Character.swift; sourceTree = "<group>"; };
		A194F121205BC5B300BEDAA0 /* CharacterSheetDecorator.swift */ = {isa = PBXFileReference; lastKnownFileType = sourcecode.swift; path = CharacterSheetDecorator.swift; sourceTree = "<group>"; };
		A194F124205BC69A00BEDAA0 /* CharacterPortraitChanger.swift */ = {isa = PBXFileReference; lastKnownFileType = sourcecode.swift; path = CharacterPortraitChanger.swift; sourceTree = "<group>"; };
		A194F127205BCC7600BEDAA0 /* CharacterAttributeChanger.swift */ = {isa = PBXFileReference; lastKnownFileType = sourcecode.swift; path = CharacterAttributeChanger.swift; sourceTree = "<group>"; };
		A194F12B205C371800BEDAA0 /* MainViewDecorator.swift */ = {isa = PBXFileReference; lastKnownFileType = sourcecode.swift; path = MainViewDecorator.swift; sourceTree = "<group>"; };
		A194F130205C37F400BEDAA0 /* ParentModelChangeListener.swift */ = {isa = PBXFileReference; lastKnownFileType = sourcecode.swift; path = ParentModelChangeListener.swift; sourceTree = "<group>"; };
		A194F133205C383600BEDAA0 /* CardDeck Datasource:Delegate.swift */ = {isa = PBXFileReference; lastKnownFileType = sourcecode.swift; path = "CardDeck Datasource:Delegate.swift"; sourceTree = "<group>"; };
		A194F136205C474000BEDAA0 /* LillyPalCardTVC.swift */ = {isa = PBXFileReference; lastKnownFileType = sourcecode.swift; path = LillyPalCardTVC.swift; sourceTree = "<group>"; };
		A1B365CD205A0665009698B0 /* LillyPal Cards.app */ = {isa = PBXFileReference; explicitFileType = wrapper.application; includeInIndex = 0; path = "LillyPal Cards.app"; sourceTree = BUILT_PRODUCTS_DIR; };
		A1B365D0205A0665009698B0 /* AppDelegate.swift */ = {isa = PBXFileReference; lastKnownFileType = sourcecode.swift; path = AppDelegate.swift; sourceTree = "<group>"; };
		A1B365D2205A0665009698B0 /* MainViewController.swift */ = {isa = PBXFileReference; lastKnownFileType = sourcecode.swift; path = MainViewController.swift; sourceTree = "<group>"; };
		A1B365D5205A0665009698B0 /* Base */ = {isa = PBXFileReference; lastKnownFileType = file.storyboard; name = Base; path = Base.lproj/Main.storyboard; sourceTree = "<group>"; };
		A1B365D7205A0665009698B0 /* Assets.xcassets */ = {isa = PBXFileReference; lastKnownFileType = folder.assetcatalog; path = Assets.xcassets; sourceTree = "<group>"; };
		A1B365DA205A0665009698B0 /* Base */ = {isa = PBXFileReference; lastKnownFileType = file.storyboard; name = Base; path = Base.lproj/LaunchScreen.storyboard; sourceTree = "<group>"; };
		A1B365DC205A0665009698B0 /* Info.plist */ = {isa = PBXFileReference; lastKnownFileType = text.plist.xml; path = Info.plist; sourceTree = "<group>"; };
		A1B365E1205A0665009698B0 /* LillyPal CardsTests.xctest */ = {isa = PBXFileReference; explicitFileType = wrapper.cfbundle; includeInIndex = 0; path = "LillyPal CardsTests.xctest"; sourceTree = BUILT_PRODUCTS_DIR; };
		A1B365E5205A0665009698B0 /* LillyPal_CardsTests.swift */ = {isa = PBXFileReference; lastKnownFileType = sourcecode.swift; path = LillyPal_CardsTests.swift; sourceTree = "<group>"; };
		A1B365E7205A0665009698B0 /* Info.plist */ = {isa = PBXFileReference; lastKnownFileType = text.plist.xml; path = Info.plist; sourceTree = "<group>"; };
		A1B365EC205A0665009698B0 /* LillyPal CardsUITests.xctest */ = {isa = PBXFileReference; explicitFileType = wrapper.cfbundle; includeInIndex = 0; path = "LillyPal CardsUITests.xctest"; sourceTree = BUILT_PRODUCTS_DIR; };
		A1B365F0205A0665009698B0 /* LillyPal_CardsUITests.swift */ = {isa = PBXFileReference; lastKnownFileType = sourcecode.swift; path = LillyPal_CardsUITests.swift; sourceTree = "<group>"; };
		A1B365F2205A0665009698B0 /* Info.plist */ = {isa = PBXFileReference; lastKnownFileType = text.plist.xml; path = Info.plist; sourceTree = "<group>"; };
		A1B365FE205A4081009698B0 /* CardDeckTV.swift */ = {isa = PBXFileReference; lastKnownFileType = sourcecode.swift; path = CardDeckTV.swift; sourceTree = "<group>"; };
		A1B36607205A438F009698B0 /* CharacterSheetVC.swift */ = {isa = PBXFileReference; lastKnownFileType = sourcecode.swift; path = CharacterSheetVC.swift; sourceTree = "<group>"; };
		A1B5AA1F207832DB0046EF3E /* LillyPal Cards.entitlements */ = {isa = PBXFileReference; lastKnownFileType = text.plist.entitlements; path = "LillyPal Cards.entitlements"; sourceTree = "<group>"; };
		A1B5AA21207832E20046EF3E /* CloudKit.framework */ = {isa = PBXFileReference; lastKnownFileType = wrapper.framework; name = CloudKit.framework; path = System/Library/Frameworks/CloudKit.framework; sourceTree = SDKROOT; };
		A1BC6242205CEE9500884829 /* ParentCanTriggerEdits.swift */ = {isa = PBXFileReference; lastKnownFileType = sourcecode.swift; path = ParentCanTriggerEdits.swift; sourceTree = "<group>"; };
		A1BC6245205CEF2B00884829 /* LillyPal.swift */ = {isa = PBXFileReference; lastKnownFileType = sourcecode.swift; path = LillyPal.swift; sourceTree = "<group>"; };
		A1BC6248205CEFC700884829 /* LillyPalCardDecorator.swift */ = {isa = PBXFileReference; lastKnownFileType = sourcecode.swift; path = LillyPalCardDecorator.swift; sourceTree = "<group>"; };
		A1BC624B205D05CB00884829 /* FloatRounder.swift */ = {isa = PBXFileReference; lastKnownFileType = sourcecode.swift; path = FloatRounder.swift; sourceTree = "<group>"; };
		A1BC6251205D23F700884829 /* FirstResponderResigner.swift */ = {isa = PBXFileReference; lastKnownFileType = sourcecode.swift; path = FirstResponderResigner.swift; sourceTree = "<group>"; };
		A1BC6254205D2C4A00884829 /* Strings.swift */ = {isa = PBXFileReference; lastKnownFileType = sourcecode.swift; path = Strings.swift; sourceTree = "<group>"; };
		A1BC6257205DCA5700884829 /* LillyPalCardSlimTVC.swift */ = {isa = PBXFileReference; lastKnownFileType = sourcecode.swift; path = LillyPalCardSlimTVC.swift; sourceTree = "<group>"; };
		A1BC625A205F3AE700884829 /* MainViewUpdater.swift */ = {isa = PBXFileReference; lastKnownFileType = sourcecode.swift; path = MainViewUpdater.swift; sourceTree = "<group>"; };
		A1BC625D205F3C6100884829 /* MainViewStepper.swift */ = {isa = PBXFileReference; lastKnownFileType = sourcecode.swift; path = MainViewStepper.swift; sourceTree = "<group>"; };
		A1BC6260205F426B00884829 /* CharacterHealthAdjuster.swift */ = {isa = PBXFileReference; lastKnownFileType = sourcecode.swift; path = CharacterHealthAdjuster.swift; sourceTree = "<group>"; };
		A1BC6263205F456B00884829 /* ModelReturner.swift */ = {isa = PBXFileReference; lastKnownFileType = sourcecode.swift; path = ModelReturner.swift; sourceTree = "<group>"; };
		A1BC6267205F9B6000884829 /* CharacterAttribute.swift */ = {isa = PBXFileReference; lastKnownFileType = sourcecode.swift; path = CharacterAttribute.swift; sourceTree = "<group>"; };
		A1BC626A205F9C5600884829 /* CharacterController.swift */ = {isa = PBXFileReference; lastKnownFileType = sourcecode.swift; path = CharacterController.swift; sourceTree = "<group>"; };
		A1BC626D205FBE8B00884829 /* TextField Delegation.swift */ = {isa = PBXFileReference; lastKnownFileType = sourcecode.swift; path = "TextField Delegation.swift"; sourceTree = "<group>"; };
/* End PBXFileReference section */

/* Begin PBXFrameworksBuildPhase section */
		A1B365CA205A0665009698B0 /* Frameworks */ = {
			isa = PBXFrameworksBuildPhase;
			buildActionMask = 2147483647;
			files = (
				A1B5AA22207832E20046EF3E /* CloudKit.framework in Frameworks */,
				40DD42571F9E3291A9B23C66 /* Pods_LillyPal_Cards.framework in Frameworks */,
			);
			runOnlyForDeploymentPostprocessing = 0;
		};
		A1B365DE205A0665009698B0 /* Frameworks */ = {
			isa = PBXFrameworksBuildPhase;
			buildActionMask = 2147483647;
			files = (
			);
			runOnlyForDeploymentPostprocessing = 0;
		};
		A1B365E9205A0665009698B0 /* Frameworks */ = {
			isa = PBXFrameworksBuildPhase;
			buildActionMask = 2147483647;
			files = (
			);
			runOnlyForDeploymentPostprocessing = 0;
		};
/* End PBXFrameworksBuildPhase section */

/* Begin PBXGroup section */
		9F73719F1E5E4D163E86409B /* Pods */ = {
			isa = PBXGroup;
			children = (
				97E329F37D4202C5CC5B8119 /* Pods-LillyPal Cards.debug.xcconfig */,
				53777B4376AC16690490A57D /* Pods-LillyPal Cards.release.xcconfig */,
			);
			name = Pods;
			sourceTree = "<group>";
		};
		A194F120205BC57300BEDAA0 /* Character Sheet Editor */ = {
			isa = PBXGroup;
			children = (
				A1B36607205A438F009698B0 /* CharacterSheetVC.swift */,
				A194F12A205BCD6900BEDAA0 /* Protocols And Extensions */,
			);
			path = "Character Sheet Editor";
			sourceTree = "<group>";
		};
		A194F12A205BCD6900BEDAA0 /* Protocols And Extensions */ = {
			isa = PBXGroup;
			children = (
				A1BC626D205FBE8B00884829 /* TextField Delegation.swift */,
				A1BC6263205F456B00884829 /* ModelReturner.swift */,
				A1BC6260205F426B00884829 /* CharacterHealthAdjuster.swift */,
				A1BC624B205D05CB00884829 /* FloatRounder.swift */,
				A194F124205BC69A00BEDAA0 /* CharacterPortraitChanger.swift */,
				A194F121205BC5B300BEDAA0 /* CharacterSheetDecorator.swift */,
				A194F127205BCC7600BEDAA0 /* CharacterAttributeChanger.swift */,
				A1BC6251205D23F700884829 /* FirstResponderResigner.swift */,
			);
			path = "Protocols And Extensions";
			sourceTree = "<group>";
		};
		A194F12E205C376B00BEDAA0 /* Character Sheet List */ = {
			isa = PBXGroup;
			children = (
				A1B365D2205A0665009698B0 /* MainViewController.swift */,
				A194F139205C475600BEDAA0 /* Contained TableView */,
				A194F12F205C37D300BEDAA0 /* Protocols And Extensions */,
			);
			path = "Character Sheet List";
			sourceTree = "<group>";
		};
		A194F12F205C37D300BEDAA0 /* Protocols And Extensions */ = {
			isa = PBXGroup;
			children = (
				A1BC625D205F3C6100884829 /* MainViewStepper.swift */,
				A1BC625A205F3AE700884829 /* MainViewUpdater.swift */,
				A194F12B205C371800BEDAA0 /* MainViewDecorator.swift */,
				A1BC6266205F995600884829 /* TableView */,
			);
			path = "Protocols And Extensions";
			sourceTree = "<group>";
		};
		A194F139205C475600BEDAA0 /* Contained TableView */ = {
			isa = PBXGroup;
			children = (
				A1B365FE205A4081009698B0 /* CardDeckTV.swift */,
				A1BC6257205DCA5700884829 /* LillyPalCardSlimTVC.swift */,
				A194F136205C474000BEDAA0 /* LillyPalCardTVC.swift */,
			);
			path = "Contained TableView";
			sourceTree = "<group>";
		};
		A1B365C4205A0665009698B0 = {
			isa = PBXGroup;
			children = (
				A1B365CF205A0665009698B0 /* LillyPal Cards */,
				A1B365E4205A0665009698B0 /* LillyPal CardsTests */,
				A1B365EF205A0665009698B0 /* LillyPal CardsUITests */,
				A1B365CE205A0665009698B0 /* Products */,
				A1B5AA20207832E20046EF3E /* Frameworks */,
				9F73719F1E5E4D163E86409B /* Pods */,
			);
			sourceTree = "<group>";
		};
		A1B365CE205A0665009698B0 /* Products */ = {
			isa = PBXGroup;
			children = (
				A1B365CD205A0665009698B0 /* LillyPal Cards.app */,
				A1B365E1205A0665009698B0 /* LillyPal CardsTests.xctest */,
				A1B365EC205A0665009698B0 /* LillyPal CardsUITests.xctest */,
			);
			name = Products;
			sourceTree = "<group>";
		};
		A1B365CF205A0665009698B0 /* LillyPal Cards */ = {
			isa = PBXGroup;
			children = (
				A1B5AA1F207832DB0046EF3E /* LillyPal Cards.entitlements */,
				A1BC6254205D2C4A00884829 /* Strings.swift */,
				A1B365D0205A0665009698B0 /* AppDelegate.swift */,
				A1B36606205A4187009698B0 /* Models */,
				A1B36604205A4165009698B0 /* Views */,
				A1B36605205A4176009698B0 /* Controllers */,
				A1B365DC205A0665009698B0 /* Info.plist */,
			);
			path = "LillyPal Cards";
			sourceTree = "<group>";
		};
		A1B365E4205A0665009698B0 /* LillyPal CardsTests */ = {
			isa = PBXGroup;
			children = (
				A1B365E5205A0665009698B0 /* LillyPal_CardsTests.swift */,
				A1B365E7205A0665009698B0 /* Info.plist */,
			);
			path = "LillyPal CardsTests";
			sourceTree = "<group>";
		};
		A1B365EF205A0665009698B0 /* LillyPal CardsUITests */ = {
			isa = PBXGroup;
			children = (
				A1B365F0205A0665009698B0 /* LillyPal_CardsUITests.swift */,
				A1B365F2205A0665009698B0 /* Info.plist */,
			);
			path = "LillyPal CardsUITests";
			sourceTree = "<group>";
		};
		A1B36604205A4165009698B0 /* Views */ = {
			isa = PBXGroup;
			children = (
				A1B365D4205A0665009698B0 /* Main.storyboard */,
				A1B365D9205A0665009698B0 /* LaunchScreen.storyboard */,
				A1B365D7205A0665009698B0 /* Assets.xcassets */,
			);
			path = Views;
			sourceTree = "<group>";
		};
		A1B36605205A4176009698B0 /* Controllers */ = {
			isa = PBXGroup;
			children = (
				A1BC626A205F9C5600884829 /* CharacterController.swift */,
				A194F12E205C376B00BEDAA0 /* Character Sheet List */,
				A194F120205BC57300BEDAA0 /* Character Sheet Editor */,
			);
			path = Controllers;
			sourceTree = "<group>";
		};
		A1B36606205A4187009698B0 /* Models */ = {
			isa = PBXGroup;
			children = (
				A194F11D205ADEEB00BEDAA0 /* Character.swift */,
				A1BC6267205F9B6000884829 /* CharacterAttribute.swift */,
				A1BC6245205CEF2B00884829 /* LillyPal.swift */,
			);
			path = Models;
			sourceTree = "<group>";
		};
		A1B5AA20207832E20046EF3E /* Frameworks */ = {
			isa = PBXGroup;
			children = (
				A1B5AA21207832E20046EF3E /* CloudKit.framework */,
				83A80DCD842AD46AAD33970A /* Pods_LillyPal_Cards.framework */,
			);
			name = Frameworks;
			sourceTree = "<group>";
		};
		A1BC6266205F995600884829 /* TableView */ = {
			isa = PBXGroup;
			children = (
				A1BC6248205CEFC700884829 /* LillyPalCardDecorator.swift */,
				A194F133205C383600BEDAA0 /* CardDeck Datasource:Delegate.swift */,
				A194F130205C37F400BEDAA0 /* ParentModelChangeListener.swift */,
				A1BC6242205CEE9500884829 /* ParentCanTriggerEdits.swift */,
			);
			path = TableView;
			sourceTree = "<group>";
		};
/* End PBXGroup section */

/* Begin PBXNativeTarget section */
		A1B365CC205A0665009698B0 /* LillyPal Cards */ = {
			isa = PBXNativeTarget;
			buildConfigurationList = A1B365F5205A0665009698B0 /* Build configuration list for PBXNativeTarget "LillyPal Cards" */;
			buildPhases = (
				AD378DBD190732E78AC2A512 /* [CP] Check Pods Manifest.lock */,
				A1B365C9205A0665009698B0 /* Sources */,
				A1B365CA205A0665009698B0 /* Frameworks */,
				A1B365CB205A0665009698B0 /* Resources */,
				407CFA3EB9C5CB0701DF9878 /* [CP] Embed Pods Frameworks */,
				1FBA43CB6ACBC0AE35F6E346 /* [CP] Copy Pods Resources */,
			);
			buildRules = (
			);
			dependencies = (
			);
			name = "LillyPal Cards";
			productName = "LillyPal Cards";
			productReference = A1B365CD205A0665009698B0 /* LillyPal Cards.app */;
			productType = "com.apple.product-type.application";
		};
		A1B365E0205A0665009698B0 /* LillyPal CardsTests */ = {
			isa = PBXNativeTarget;
			buildConfigurationList = A1B365F8205A0665009698B0 /* Build configuration list for PBXNativeTarget "LillyPal CardsTests" */;
			buildPhases = (
				A1B365DD205A0665009698B0 /* Sources */,
				A1B365DE205A0665009698B0 /* Frameworks */,
				A1B365DF205A0665009698B0 /* Resources */,
			);
			buildRules = (
			);
			dependencies = (
				A1B365E3205A0665009698B0 /* PBXTargetDependency */,
			);
			name = "LillyPal CardsTests";
			productName = "LillyPal CardsTests";
			productReference = A1B365E1205A0665009698B0 /* LillyPal CardsTests.xctest */;
			productType = "com.apple.product-type.bundle.unit-test";
		};
		A1B365EB205A0665009698B0 /* LillyPal CardsUITests */ = {
			isa = PBXNativeTarget;
			buildConfigurationList = A1B365FB205A0665009698B0 /* Build configuration list for PBXNativeTarget "LillyPal CardsUITests" */;
			buildPhases = (
				A1B365E8205A0665009698B0 /* Sources */,
				A1B365E9205A0665009698B0 /* Frameworks */,
				A1B365EA205A0665009698B0 /* Resources */,
			);
			buildRules = (
			);
			dependencies = (
				A1B365EE205A0665009698B0 /* PBXTargetDependency */,
			);
			name = "LillyPal CardsUITests";
			productName = "LillyPal CardsUITests";
			productReference = A1B365EC205A0665009698B0 /* LillyPal CardsUITests.xctest */;
			productType = "com.apple.product-type.bundle.ui-testing";
		};
/* End PBXNativeTarget section */

/* Begin PBXProject section */
		A1B365C5205A0665009698B0 /* Project object */ = {
			isa = PBXProject;
			attributes = {
				LastSwiftUpdateCheck = 0920;
				LastUpgradeCheck = 0920;
				ORGANIZATIONNAME = "Escape Chaos";
				TargetAttributes = {
					A1B365CC205A0665009698B0 = {
						CreatedOnToolsVersion = 9.2;
						ProvisioningStyle = Automatic;
						SystemCapabilities = {
							com.apple.Push = {
								enabled = 1;
							};
							com.apple.iCloud = {
								enabled = 1;
							};
						};
					};
					A1B365E0205A0665009698B0 = {
						CreatedOnToolsVersion = 9.2;
						ProvisioningStyle = Automatic;
						TestTargetID = A1B365CC205A0665009698B0;
					};
					A1B365EB205A0665009698B0 = {
						CreatedOnToolsVersion = 9.2;
						ProvisioningStyle = Automatic;
						TestTargetID = A1B365CC205A0665009698B0;
					};
				};
			};
			buildConfigurationList = A1B365C8205A0665009698B0 /* Build configuration list for PBXProject "LillyPal Cards" */;
			compatibilityVersion = "Xcode 8.0";
			developmentRegion = en;
			hasScannedForEncodings = 0;
			knownRegions = (
				en,
				Base,
			);
			mainGroup = A1B365C4205A0665009698B0;
			productRefGroup = A1B365CE205A0665009698B0 /* Products */;
			projectDirPath = "";
			projectRoot = "";
			targets = (
				A1B365CC205A0665009698B0 /* LillyPal Cards */,
				A1B365E0205A0665009698B0 /* LillyPal CardsTests */,
				A1B365EB205A0665009698B0 /* LillyPal CardsUITests */,
			);
		};
/* End PBXProject section */

/* Begin PBXResourcesBuildPhase section */
		A1B365CB205A0665009698B0 /* Resources */ = {
			isa = PBXResourcesBuildPhase;
			buildActionMask = 2147483647;
			files = (
				A1B365DB205A0665009698B0 /* LaunchScreen.storyboard in Resources */,
				A1B365D8205A0665009698B0 /* Assets.xcassets in Resources */,
				A1B365D6205A0665009698B0 /* Main.storyboard in Resources */,
			);
			runOnlyForDeploymentPostprocessing = 0;
		};
		A1B365DF205A0665009698B0 /* Resources */ = {
			isa = PBXResourcesBuildPhase;
			buildActionMask = 2147483647;
			files = (
			);
			runOnlyForDeploymentPostprocessing = 0;
		};
		A1B365EA205A0665009698B0 /* Resources */ = {
			isa = PBXResourcesBuildPhase;
			buildActionMask = 2147483647;
			files = (
			);
			runOnlyForDeploymentPostprocessing = 0;
		};
/* End PBXResourcesBuildPhase section */

/* Begin PBXShellScriptBuildPhase section */
		1FBA43CB6ACBC0AE35F6E346 /* [CP] Copy Pods Resources */ = {
			isa = PBXShellScriptBuildPhase;
			buildActionMask = 2147483647;
			files = (
			);
			inputPaths = (
			);
			name = "[CP] Copy Pods Resources";
			outputPaths = (
			);
			runOnlyForDeploymentPostprocessing = 0;
			shellPath = /bin/sh;
			shellScript = "\"${SRCROOT}/Pods/Target Support Files/Pods-LillyPal Cards/Pods-LillyPal Cards-resources.sh\"\n";
			showEnvVarsInLog = 0;
		};
		407CFA3EB9C5CB0701DF9878 /* [CP] Embed Pods Frameworks */ = {
			isa = PBXShellScriptBuildPhase;
			buildActionMask = 2147483647;
			files = (
			);
			inputPaths = (
				"${SRCROOT}/Pods/Target Support Files/Pods-LillyPal Cards/Pods-LillyPal Cards-frameworks.sh",
				"${BUILT_PRODUCTS_DIR}/MagicCloud/MagicCloud.framework",
			);
			name = "[CP] Embed Pods Frameworks";
			outputPaths = (
				"${TARGET_BUILD_DIR}/${FRAMEWORKS_FOLDER_PATH}/MagicCloud.framework",
			);
			runOnlyForDeploymentPostprocessing = 0;
			shellPath = /bin/sh;
			shellScript = "\"${SRCROOT}/Pods/Target Support Files/Pods-LillyPal Cards/Pods-LillyPal Cards-frameworks.sh\"\n";
			showEnvVarsInLog = 0;
		};
		AD378DBD190732E78AC2A512 /* [CP] Check Pods Manifest.lock */ = {
			isa = PBXShellScriptBuildPhase;
			buildActionMask = 2147483647;
			files = (
			);
			inputPaths = (
				"${PODS_PODFILE_DIR_PATH}/Podfile.lock",
				"${PODS_ROOT}/Manifest.lock",
			);
			name = "[CP] Check Pods Manifest.lock";
			outputPaths = (
				"$(DERIVED_FILE_DIR)/Pods-LillyPal Cards-checkManifestLockResult.txt",
			);
			runOnlyForDeploymentPostprocessing = 0;
			shellPath = /bin/sh;
			shellScript = "diff \"${PODS_PODFILE_DIR_PATH}/Podfile.lock\" \"${PODS_ROOT}/Manifest.lock\" > /dev/null\nif [ $? != 0 ] ; then\n    # print error to STDERR\n    echo \"error: The sandbox is not in sync with the Podfile.lock. Run 'pod install' or update your CocoaPods installation.\" >&2\n    exit 1\nfi\n# This output is used by Xcode 'outputs' to avoid re-running this script phase.\necho \"SUCCESS\" > \"${SCRIPT_OUTPUT_FILE_0}\"\n";
			showEnvVarsInLog = 0;
		};
/* End PBXShellScriptBuildPhase section */

/* Begin PBXSourcesBuildPhase section */
		A1B365C9205A0665009698B0 /* Sources */ = {
			isa = PBXSourcesBuildPhase;
			buildActionMask = 2147483647;
			files = (
				A1BC6249205CEFC700884829 /* LillyPalCardDecorator.swift in Sources */,
				A1BC625B205F3AE700884829 /* MainViewUpdater.swift in Sources */,
				A194F131205C37F400BEDAA0 /* ParentModelChangeListener.swift in Sources */,
				A1BC6255205D2C4A00884829 /* Strings.swift in Sources */,
				A1BC6243205CEE9500884829 /* ParentCanTriggerEdits.swift in Sources */,
				A1BC6252205D23F700884829 /* FirstResponderResigner.swift in Sources */,
				A194F134205C383600BEDAA0 /* CardDeck Datasource:Delegate.swift in Sources */,
				A194F137205C474000BEDAA0 /* LillyPalCardTVC.swift in Sources */,
				A1BC625E205F3C6100884829 /* MainViewStepper.swift in Sources */,
				A1BC6246205CEF2B00884829 /* LillyPal.swift in Sources */,
				A1BC624C205D05CB00884829 /* FloatRounder.swift in Sources */,
				A1B365FF205A4081009698B0 /* CardDeckTV.swift in Sources */,
				A194F128205BCC7600BEDAA0 /* CharacterAttributeChanger.swift in Sources */,
				A194F12C205C371800BEDAA0 /* MainViewDecorator.swift in Sources */,
				A1B365D3205A0665009698B0 /* MainViewController.swift in Sources */,
				A194F125205BC69A00BEDAA0 /* CharacterPortraitChanger.swift in Sources */,
				A194F11E205ADEEB00BEDAA0 /* Character.swift in Sources */,
				A1B36608205A438F009698B0 /* CharacterSheetVC.swift in Sources */,
				A1BC6268205F9B6000884829 /* CharacterAttribute.swift in Sources */,
				A1BC6258205DCA5700884829 /* LillyPalCardSlimTVC.swift in Sources */,
				A1BC626B205F9C5600884829 /* CharacterController.swift in Sources */,
				A1BC6261205F426B00884829 /* CharacterHealthAdjuster.swift in Sources */,
				A1BC6264205F456B00884829 /* ModelReturner.swift in Sources */,
				A194F122205BC5B300BEDAA0 /* CharacterSheetDecorator.swift in Sources */,
				A1BC626E205FBE8B00884829 /* TextField Delegation.swift in Sources */,
				A1B365D1205A0665009698B0 /* AppDelegate.swift in Sources */,
			);
			runOnlyForDeploymentPostprocessing = 0;
		};
		A1B365DD205A0665009698B0 /* Sources */ = {
			isa = PBXSourcesBuildPhase;
			buildActionMask = 2147483647;
			files = (
				A1BC624A205CEFC700884829 /* LillyPalCardDecorator.swift in Sources */,
				A1BC625C205F3AE700884829 /* MainViewUpdater.swift in Sources */,
				A194F132205C37F400BEDAA0 /* ParentModelChangeListener.swift in Sources */,
				A1BC6256205D2C4A00884829 /* Strings.swift in Sources */,
				A1BC6244205CEE9600884829 /* ParentCanTriggerEdits.swift in Sources */,
				A1BC6253205D23F700884829 /* FirstResponderResigner.swift in Sources */,
				A1B36609205A438F009698B0 /* CharacterSheetVC.swift in Sources */,
				A194F135205C383600BEDAA0 /* CardDeck Datasource:Delegate.swift in Sources */,
				A194F138205C474000BEDAA0 /* LillyPalCardTVC.swift in Sources */,
				A1BC625F205F3C6100884829 /* MainViewStepper.swift in Sources */,
				A1BC6247205CEF2B00884829 /* LillyPal.swift in Sources */,
				A1BC624D205D05CB00884829 /* FloatRounder.swift in Sources */,
				A1B36600205A4081009698B0 /* CardDeckTV.swift in Sources */,
				A194F129205BCC7600BEDAA0 /* CharacterAttributeChanger.swift in Sources */,
				A194F12D205C371800BEDAA0 /* MainViewDecorator.swift in Sources */,
				A194F126205BC69A00BEDAA0 /* CharacterPortraitChanger.swift in Sources */,
				A194F11F205ADEEB00BEDAA0 /* Character.swift in Sources */,
				A1B365E6205A0665009698B0 /* LillyPal_CardsTests.swift in Sources */,
				A1BC6269205F9B6000884829 /* CharacterAttribute.swift in Sources */,
				A1BC6259205DFDD300884829 /* LillyPalCardSlimTVC.swift in Sources */,
				A1BC626C205F9C5600884829 /* CharacterController.swift in Sources */,
				A1BC6262205F426B00884829 /* CharacterHealthAdjuster.swift in Sources */,
				A1BC6265205F456B00884829 /* ModelReturner.swift in Sources */,
				A194F123205BC5B300BEDAA0 /* CharacterSheetDecorator.swift in Sources */,
				A1BC626F205FBE8B00884829 /* TextField Delegation.swift in Sources */,
				A1B3660A205A6A91009698B0 /* MainViewController.swift in Sources */,
			);
			runOnlyForDeploymentPostprocessing = 0;
		};
		A1B365E8205A0665009698B0 /* Sources */ = {
			isa = PBXSourcesBuildPhase;
			buildActionMask = 2147483647;
			files = (
				A1B365F1205A0665009698B0 /* LillyPal_CardsUITests.swift in Sources */,
			);
			runOnlyForDeploymentPostprocessing = 0;
		};
/* End PBXSourcesBuildPhase section */

/* Begin PBXTargetDependency section */
		A1B365E3205A0665009698B0 /* PBXTargetDependency */ = {
			isa = PBXTargetDependency;
			target = A1B365CC205A0665009698B0 /* LillyPal Cards */;
			targetProxy = A1B365E2205A0665009698B0 /* PBXContainerItemProxy */;
		};
		A1B365EE205A0665009698B0 /* PBXTargetDependency */ = {
			isa = PBXTargetDependency;
			target = A1B365CC205A0665009698B0 /* LillyPal Cards */;
			targetProxy = A1B365ED205A0665009698B0 /* PBXContainerItemProxy */;
		};
/* End PBXTargetDependency section */

/* Begin PBXVariantGroup section */
		A1B365D4205A0665009698B0 /* Main.storyboard */ = {
			isa = PBXVariantGroup;
			children = (
				A1B365D5205A0665009698B0 /* Base */,
			);
			name = Main.storyboard;
			sourceTree = "<group>";
		};
		A1B365D9205A0665009698B0 /* LaunchScreen.storyboard */ = {
			isa = PBXVariantGroup;
			children = (
				A1B365DA205A0665009698B0 /* Base */,
			);
			name = LaunchScreen.storyboard;
			sourceTree = "<group>";
		};
/* End PBXVariantGroup section */

/* Begin XCBuildConfiguration section */
		A1B365F3205A0665009698B0 /* Debug */ = {
			isa = XCBuildConfiguration;
			buildSettings = {
				ALWAYS_SEARCH_USER_PATHS = NO;
				CLANG_ANALYZER_NONNULL = YES;
				CLANG_ANALYZER_NUMBER_OBJECT_CONVERSION = YES_AGGRESSIVE;
				CLANG_CXX_LANGUAGE_STANDARD = "gnu++14";
				CLANG_CXX_LIBRARY = "libc++";
				CLANG_ENABLE_MODULES = YES;
				CLANG_ENABLE_OBJC_ARC = YES;
				CLANG_WARN_BLOCK_CAPTURE_AUTORELEASING = YES;
				CLANG_WARN_BOOL_CONVERSION = YES;
				CLANG_WARN_COMMA = YES;
				CLANG_WARN_CONSTANT_CONVERSION = YES;
				CLANG_WARN_DIRECT_OBJC_ISA_USAGE = YES_ERROR;
				CLANG_WARN_DOCUMENTATION_COMMENTS = YES;
				CLANG_WARN_EMPTY_BODY = YES;
				CLANG_WARN_ENUM_CONVERSION = YES;
				CLANG_WARN_INFINITE_RECURSION = YES;
				CLANG_WARN_INT_CONVERSION = YES;
				CLANG_WARN_NON_LITERAL_NULL_CONVERSION = YES;
				CLANG_WARN_OBJC_LITERAL_CONVERSION = YES;
				CLANG_WARN_OBJC_ROOT_CLASS = YES_ERROR;
				CLANG_WARN_RANGE_LOOP_ANALYSIS = YES;
				CLANG_WARN_STRICT_PROTOTYPES = YES;
				CLANG_WARN_SUSPICIOUS_MOVE = YES;
				CLANG_WARN_UNGUARDED_AVAILABILITY = YES_AGGRESSIVE;
				CLANG_WARN_UNREACHABLE_CODE = YES;
				CLANG_WARN__DUPLICATE_METHOD_MATCH = YES;
				CODE_SIGN_IDENTITY = "iPhone Developer";
				COPY_PHASE_STRIP = NO;
				DEBUG_INFORMATION_FORMAT = dwarf;
				ENABLE_STRICT_OBJC_MSGSEND = YES;
				ENABLE_TESTABILITY = YES;
				GCC_C_LANGUAGE_STANDARD = gnu11;
				GCC_DYNAMIC_NO_PIC = NO;
				GCC_NO_COMMON_BLOCKS = YES;
				GCC_OPTIMIZATION_LEVEL = 0;
				GCC_PREPROCESSOR_DEFINITIONS = (
					"DEBUG=1",
					"$(inherited)",
				);
				GCC_WARN_64_TO_32_BIT_CONVERSION = YES;
				GCC_WARN_ABOUT_RETURN_TYPE = YES_ERROR;
				GCC_WARN_UNDECLARED_SELECTOR = YES;
				GCC_WARN_UNINITIALIZED_AUTOS = YES_AGGRESSIVE;
				GCC_WARN_UNUSED_FUNCTION = YES;
				GCC_WARN_UNUSED_VARIABLE = YES;
				IPHONEOS_DEPLOYMENT_TARGET = 11.2;
				MTL_ENABLE_DEBUG_INFO = YES;
				ONLY_ACTIVE_ARCH = YES;
				SDKROOT = iphoneos;
				SWIFT_ACTIVE_COMPILATION_CONDITIONS = DEBUG;
				SWIFT_OPTIMIZATION_LEVEL = "-Onone";
			};
			name = Debug;
		};
		A1B365F4205A0665009698B0 /* Release */ = {
			isa = XCBuildConfiguration;
			buildSettings = {
				ALWAYS_SEARCH_USER_PATHS = NO;
				CLANG_ANALYZER_NONNULL = YES;
				CLANG_ANALYZER_NUMBER_OBJECT_CONVERSION = YES_AGGRESSIVE;
				CLANG_CXX_LANGUAGE_STANDARD = "gnu++14";
				CLANG_CXX_LIBRARY = "libc++";
				CLANG_ENABLE_MODULES = YES;
				CLANG_ENABLE_OBJC_ARC = YES;
				CLANG_WARN_BLOCK_CAPTURE_AUTORELEASING = YES;
				CLANG_WARN_BOOL_CONVERSION = YES;
				CLANG_WARN_COMMA = YES;
				CLANG_WARN_CONSTANT_CONVERSION = YES;
				CLANG_WARN_DIRECT_OBJC_ISA_USAGE = YES_ERROR;
				CLANG_WARN_DOCUMENTATION_COMMENTS = YES;
				CLANG_WARN_EMPTY_BODY = YES;
				CLANG_WARN_ENUM_CONVERSION = YES;
				CLANG_WARN_INFINITE_RECURSION = YES;
				CLANG_WARN_INT_CONVERSION = YES;
				CLANG_WARN_NON_LITERAL_NULL_CONVERSION = YES;
				CLANG_WARN_OBJC_LITERAL_CONVERSION = YES;
				CLANG_WARN_OBJC_ROOT_CLASS = YES_ERROR;
				CLANG_WARN_RANGE_LOOP_ANALYSIS = YES;
				CLANG_WARN_STRICT_PROTOTYPES = YES;
				CLANG_WARN_SUSPICIOUS_MOVE = YES;
				CLANG_WARN_UNGUARDED_AVAILABILITY = YES_AGGRESSIVE;
				CLANG_WARN_UNREACHABLE_CODE = YES;
				CLANG_WARN__DUPLICATE_METHOD_MATCH = YES;
				CODE_SIGN_IDENTITY = "iPhone Developer";
				COPY_PHASE_STRIP = NO;
				DEBUG_INFORMATION_FORMAT = "dwarf-with-dsym";
				ENABLE_NS_ASSERTIONS = NO;
				ENABLE_STRICT_OBJC_MSGSEND = YES;
				GCC_C_LANGUAGE_STANDARD = gnu11;
				GCC_NO_COMMON_BLOCKS = YES;
				GCC_WARN_64_TO_32_BIT_CONVERSION = YES;
				GCC_WARN_ABOUT_RETURN_TYPE = YES_ERROR;
				GCC_WARN_UNDECLARED_SELECTOR = YES;
				GCC_WARN_UNINITIALIZED_AUTOS = YES_AGGRESSIVE;
				GCC_WARN_UNUSED_FUNCTION = YES;
				GCC_WARN_UNUSED_VARIABLE = YES;
				IPHONEOS_DEPLOYMENT_TARGET = 11.2;
				MTL_ENABLE_DEBUG_INFO = NO;
				SDKROOT = iphoneos;
				SWIFT_OPTIMIZATION_LEVEL = "-Owholemodule";
				VALIDATE_PRODUCT = YES;
			};
			name = Release;
		};
		A1B365F6205A0665009698B0 /* Debug */ = {
			isa = XCBuildConfiguration;
			baseConfigurationReference = 97E329F37D4202C5CC5B8119 /* Pods-LillyPal Cards.debug.xcconfig */;
			buildSettings = {
				ASSETCATALOG_COMPILER_APPICON_NAME = AppIcon;
				CODE_SIGN_ENTITLEMENTS = "LillyPal Cards/LillyPal Cards.entitlements";
				CODE_SIGN_STYLE = Automatic;
				DEVELOPMENT_TEAM = 2ASS3F562Z;
				INFOPLIST_FILE = "LillyPal Cards/Info.plist";
				LD_RUNPATH_SEARCH_PATHS = "$(inherited) @executable_path/Frameworks";
				PRODUCT_BUNDLE_IDENTIFIER = "EscapeChaos.LillyPal-Cards";
				PRODUCT_NAME = "$(TARGET_NAME)";
				SWIFT_VERSION = 4.0;
				TARGETED_DEVICE_FAMILY = "1,2";
			};
			name = Debug;
		};
		A1B365F7205A0665009698B0 /* Release */ = {
			isa = XCBuildConfiguration;
			baseConfigurationReference = 53777B4376AC16690490A57D /* Pods-LillyPal Cards.release.xcconfig */;
			buildSettings = {
				ASSETCATALOG_COMPILER_APPICON_NAME = AppIcon;
				CODE_SIGN_ENTITLEMENTS = "LillyPal Cards/LillyPal Cards.entitlements";
				CODE_SIGN_STYLE = Automatic;
				DEVELOPMENT_TEAM = 2ASS3F562Z;
				INFOPLIST_FILE = "LillyPal Cards/Info.plist";
				LD_RUNPATH_SEARCH_PATHS = "$(inherited) @executable_path/Frameworks";
				PRODUCT_BUNDLE_IDENTIFIER = "EscapeChaos.LillyPal-Cards";
				PRODUCT_NAME = "$(TARGET_NAME)";
				SWIFT_VERSION = 4.0;
				TARGETED_DEVICE_FAMILY = "1,2";
			};
			name = Release;
		};
		A1B365F9205A0665009698B0 /* Debug */ = {
			isa = XCBuildConfiguration;
			buildSettings = {
				ALWAYS_EMBED_SWIFT_STANDARD_LIBRARIES = YES;
				BUNDLE_LOADER = "$(TEST_HOST)";
				CODE_SIGN_STYLE = Automatic;
				DEVELOPMENT_TEAM = 2ASS3F562Z;
				INFOPLIST_FILE = "LillyPal CardsTests/Info.plist";
				LD_RUNPATH_SEARCH_PATHS = "$(inherited) @executable_path/Frameworks @loader_path/Frameworks";
				PRODUCT_BUNDLE_IDENTIFIER = "EscapeChaos.LillyPal-CardsTests";
				PRODUCT_NAME = "$(TARGET_NAME)";
				SWIFT_VERSION = 4.0;
				TARGETED_DEVICE_FAMILY = "1,2";
				TEST_HOST = "$(BUILT_PRODUCTS_DIR)/LillyPal Cards.app/LillyPal Cards";
			};
			name = Debug;
		};
		A1B365FA205A0665009698B0 /* Release */ = {
			isa = XCBuildConfiguration;
			buildSettings = {
				ALWAYS_EMBED_SWIFT_STANDARD_LIBRARIES = YES;
				BUNDLE_LOADER = "$(TEST_HOST)";
				CODE_SIGN_STYLE = Automatic;
				DEVELOPMENT_TEAM = 2ASS3F562Z;
				INFOPLIST_FILE = "LillyPal CardsTests/Info.plist";
				LD_RUNPATH_SEARCH_PATHS = "$(inherited) @executable_path/Frameworks @loader_path/Frameworks";
				PRODUCT_BUNDLE_IDENTIFIER = "EscapeChaos.LillyPal-CardsTests";
				PRODUCT_NAME = "$(TARGET_NAME)";
				SWIFT_VERSION = 4.0;
				TARGETED_DEVICE_FAMILY = "1,2";
				TEST_HOST = "$(BUILT_PRODUCTS_DIR)/LillyPal Cards.app/LillyPal Cards";
			};
			name = Release;
		};
		A1B365FC205A0665009698B0 /* Debug */ = {
			isa = XCBuildConfiguration;
			buildSettings = {
				ALWAYS_EMBED_SWIFT_STANDARD_LIBRARIES = YES;
				CODE_SIGN_STYLE = Automatic;
				DEVELOPMENT_TEAM = 2ASS3F562Z;
				INFOPLIST_FILE = "LillyPal CardsUITests/Info.plist";
				LD_RUNPATH_SEARCH_PATHS = "$(inherited) @executable_path/Frameworks @loader_path/Frameworks";
				PRODUCT_BUNDLE_IDENTIFIER = "EscapeChaos.LillyPal-CardsUITests";
				PRODUCT_NAME = "$(TARGET_NAME)";
				SWIFT_VERSION = 4.0;
				TARGETED_DEVICE_FAMILY = "1,2";
				TEST_TARGET_NAME = "LillyPal Cards";
			};
			name = Debug;
		};
		A1B365FD205A0665009698B0 /* Release */ = {
			isa = XCBuildConfiguration;
			buildSettings = {
				ALWAYS_EMBED_SWIFT_STANDARD_LIBRARIES = YES;
				CODE_SIGN_STYLE = Automatic;
				DEVELOPMENT_TEAM = 2ASS3F562Z;
				INFOPLIST_FILE = "LillyPal CardsUITests/Info.plist";
				LD_RUNPATH_SEARCH_PATHS = "$(inherited) @executable_path/Frameworks @loader_path/Frameworks";
				PRODUCT_BUNDLE_IDENTIFIER = "EscapeChaos.LillyPal-CardsUITests";
				PRODUCT_NAME = "$(TARGET_NAME)";
				SWIFT_VERSION = 4.0;
				TARGETED_DEVICE_FAMILY = "1,2";
				TEST_TARGET_NAME = "LillyPal Cards";
			};
			name = Release;
		};
/* End XCBuildConfiguration section */

/* Begin XCConfigurationList section */
		A1B365C8205A0665009698B0 /* Build configuration list for PBXProject "LillyPal Cards" */ = {
			isa = XCConfigurationList;
			buildConfigurations = (
				A1B365F3205A0665009698B0 /* Debug */,
				A1B365F4205A0665009698B0 /* Release */,
			);
			defaultConfigurationIsVisible = 0;
			defaultConfigurationName = Release;
		};
		A1B365F5205A0665009698B0 /* Build configuration list for PBXNativeTarget "LillyPal Cards" */ = {
			isa = XCConfigurationList;
			buildConfigurations = (
				A1B365F6205A0665009698B0 /* Debug */,
				A1B365F7205A0665009698B0 /* Release */,
			);
			defaultConfigurationIsVisible = 0;
			defaultConfigurationName = Release;
		};
		A1B365F8205A0665009698B0 /* Build configuration list for PBXNativeTarget "LillyPal CardsTests" */ = {
			isa = XCConfigurationList;
			buildConfigurations = (
				A1B365F9205A0665009698B0 /* Debug */,
				A1B365FA205A0665009698B0 /* Release */,
			);
			defaultConfigurationIsVisible = 0;
			defaultConfigurationName = Release;
		};
		A1B365FB205A0665009698B0 /* Build configuration list for PBXNativeTarget "LillyPal CardsUITests" */ = {
			isa = XCConfigurationList;
			buildConfigurations = (
				A1B365FC205A0665009698B0 /* Debug */,
				A1B365FD205A0665009698B0 /* Release */,
			);
			defaultConfigurationIsVisible = 0;
			defaultConfigurationName = Release;
		};
/* End XCConfigurationList section */
	};
	rootObject = A1B365C5205A0665009698B0 /* Project object */;
}
